
Microsoft Visual Studio Solution File, Format Version 12.00
# Visual Studio Version 17
VisualStudioVersion = 17.5.33530.505
MinimumVisualStudioVersion = 10.0.40219.1
Project("{FAE04EC0-301F-11D3-BF4B-00C04F79EFBC}") = "Task11(crud)", "Task11(crud).csproj", "{46FC174B-B0E7-43D5-8681-9F17025B3985}"
EndProject
Global
	GlobalSection(SolutionConfigurationPlatforms) = preSolution
		Debug|Any CPU = Debug|Any CPU
		Release|Any CPU = Release|Any CPU
	EndGlobalSection
	GlobalSection(ProjectConfigurationPlatforms) = postSolution
		{46FC174B-B0E7-43D5-8681-9F17025B3985}.Debug|Any CPU.ActiveCfg = Debug|Any CPU
		{46FC174B-B0E7-43D5-8681-9F17025B3985}.Debug|Any CPU.Build.0 = Debug|Any CPU
		{46FC174B-B0E7-43D5-8681-9F17025B3985}.Release|Any CPU.ActiveCfg = Release|Any CPU
		{46FC174B-B0E7-43D5-8681-9F17025B3985}.Release|Any CPU.Build.0 = Release|Any CPU
	EndGlobalSection
	GlobalSection(SolutionProperties) = preSolution
		HideSolutionNode = FALSE
	EndGlobalSection
	GlobalSection(ExtensibilityGlobals) = postSolution
		SolutionGuid = {EC6C39DC-BB7D-4B0E-BDDC-8EB728160AFB}
	EndGlobalSection
EndGlobal
